// !$*UTF8*$!
{
	archiveVersion = 1;
	classes = {
	};
	objectVersion = 46;
	objects = {

/* Begin PBXBuildFile section */
		9B2F3BFA1CA8D35F0057403B /* main.m in Sources */ = {isa = PBXBuildFile; fileRef = 9B2F3BF91CA8D35F0057403B /* main.m */; };
		9B2F3BFD1CA8D35F0057403B /* AppDelegate.m in Sources */ = {isa = PBXBuildFile; fileRef = 9B2F3BFC1CA8D35F0057403B /* AppDelegate.m */; };
		9B2F3C001CA8D35F0057403B /* ViewController.m in Sources */ = {isa = PBXBuildFile; fileRef = 9B2F3BFF1CA8D35F0057403B /* ViewController.m */; };
		9B2F3C031CA8D35F0057403B /* Main.storyboard in Resources */ = {isa = PBXBuildFile; fileRef = 9B2F3C011CA8D35F0057403B /* Main.storyboard */; };
		9B2F3C051CA8D35F0057403B /* Images.xcassets in Resources */ = {isa = PBXBuildFile; fileRef = 9B2F3C041CA8D35F0057403B /* Images.xcassets */; };
		9B2F3C081CA8D35F0057403B /* LaunchScreen.xib in Resources */ = {isa = PBXBuildFile; fileRef = 9B2F3C061CA8D35F0057403B /* LaunchScreen.xib */; };
		9B2F3C141CA8D35F0057403B /* ZKPictureSlideControllerTests.m in Sources */ = {isa = PBXBuildFile; fileRef = 9B2F3C131CA8D35F0057403B /* ZKPictureSlideControllerTests.m */; };
		9B2F3C1F1CA8D3750057403B /* ZKPictureSlideController.m in Sources */ = {isa = PBXBuildFile; fileRef = 9B2F3C1E1CA8D3750057403B /* ZKPictureSlideController.m */; };
		9B2F3C261CA8E8340057403B /* 1.jpg in Resources */ = {isa = PBXBuildFile; fileRef = 9B2F3C211CA8E8340057403B /* 1.jpg */; };
		9B2F3C271CA8E8340057403B /* 2.jpg in Resources */ = {isa = PBXBuildFile; fileRef = 9B2F3C221CA8E8340057403B /* 2.jpg */; };
		9B2F3C281CA8E8340057403B /* 3.jpg in Resources */ = {isa = PBXBuildFile; fileRef = 9B2F3C231CA8E8340057403B /* 3.jpg */; };
		9B2F3C291CA8E8340057403B /* 4.jpg in Resources */ = {isa = PBXBuildFile; fileRef = 9B2F3C241CA8E8340057403B /* 4.jpg */; };
		9B2F3C2C1CA8E9CF0057403B /* 0.jpg in Resources */ = {isa = PBXBuildFile; fileRef = 9B2F3C2B1CA8E9CF0057403B /* 0.jpg */; };
/* End PBXBuildFile section */

/* Begin PBXContainerItemProxy section */
		9B2F3C0E1CA8D35F0057403B /* PBXContainerItemProxy */ = {
			isa = PBXContainerItemProxy;
			containerPortal = 9B2F3BEC1CA8D35F0057403B /* Project object */;
			proxyType = 1;
			remoteGlobalIDString = 9B2F3BF31CA8D35F0057403B;
			remoteInfo = ZKPictureSlideController;
		};
/* End PBXContainerItemProxy section */

/* Begin PBXFileReference section */
		9B2F3BF41CA8D35F0057403B /* ZKPictureSlideController.app */ = {isa = PBXFileReference; explicitFileType = wrapper.application; includeInIndex = 0; path = ZKPictureSlideController.app; sourceTree = BUILT_PRODUCTS_DIR; };
		9B2F3BF81CA8D35F0057403B /* Info.plist */ = {isa = PBXFileReference; lastKnownFileType = text.plist.xml; path = Info.plist; sourceTree = "<group>"; };
		9B2F3BF91CA8D35F0057403B /* main.m */ = {isa = PBXFileReference; lastKnownFileType = sourcecode.c.objc; path = main.m; sourceTree = "<group>"; };
		9B2F3BFB1CA8D35F0057403B /* AppDelegate.h */ = {isa = PBXFileReference; lastKnownFileType = sourcecode.c.h; path = AppDelegate.h; sourceTree = "<group>"; };
		9B2F3BFC1CA8D35F0057403B /* AppDelegate.m */ = {isa = PBXFileReference; lastKnownFileType = sourcecode.c.objc; path = AppDelegate.m; sourceTree = "<group>"; };
		9B2F3BFE1CA8D35F0057403B /* ViewController.h */ = {isa = PBXFileReference; lastKnownFileType = sourcecode.c.h; path = ViewController.h; sourceTree = "<group>"; };
		9B2F3BFF1CA8D35F0057403B /* ViewController.m */ = {isa = PBXFileReference; lastKnownFileType = sourcecode.c.objc; path = ViewController.m; sourceTree = "<group>"; };
		9B2F3C021CA8D35F0057403B /* Base */ = {isa = PBXFileReference; lastKnownFileType = file.storyboard; name = Base; path = Base.lproj/Main.storyboard; sourceTree = "<group>"; };
		9B2F3C041CA8D35F0057403B /* Images.xcassets */ = {isa = PBXFileReference; lastKnownFileType = folder.assetcatalog; path = Images.xcassets; sourceTree = "<group>"; };
		9B2F3C071CA8D35F0057403B /* Base */ = {isa = PBXFileReference; lastKnownFileType = file.xib; name = Base; path = Base.lproj/LaunchScreen.xib; sourceTree = "<group>"; };
		9B2F3C0D1CA8D35F0057403B /* ZKPictureSlideControllerTests.xctest */ = {isa = PBXFileReference; explicitFileType = wrapper.cfbundle; includeInIndex = 0; path = ZKPictureSlideControllerTests.xctest; sourceTree = BUILT_PRODUCTS_DIR; };
		9B2F3C121CA8D35F0057403B /* Info.plist */ = {isa = PBXFileReference; lastKnownFileType = text.plist.xml; path = Info.plist; sourceTree = "<group>"; };
		9B2F3C131CA8D35F0057403B /* ZKPictureSlideControllerTests.m */ = {isa = PBXFileReference; lastKnownFileType = sourcecode.c.objc; path = ZKPictureSlideControllerTests.m; sourceTree = "<group>"; };
		9B2F3C1D1CA8D3750057403B /* ZKPictureSlideController.h */ = {isa = PBXFileReference; fileEncoding = 4; lastKnownFileType = sourcecode.c.h; path = ZKPictureSlideController.h; sourceTree = "<group>"; };
		9B2F3C1E1CA8D3750057403B /* ZKPictureSlideController.m */ = {isa = PBXFileReference; fileEncoding = 4; lastKnownFileType = sourcecode.c.objc; path = ZKPictureSlideController.m; sourceTree = "<group>"; };
		9B2F3C211CA8E8340057403B /* 1.jpg */ = {isa = PBXFileReference; lastKnownFileType = image.jpeg; path = 1.jpg; sourceTree = "<group>"; };
		9B2F3C221CA8E8340057403B /* 2.jpg */ = {isa = PBXFileReference; lastKnownFileType = image.jpeg; path = 2.jpg; sourceTree = "<group>"; };
		9B2F3C231CA8E8340057403B /* 3.jpg */ = {isa = PBXFileReference; lastKnownFileType = image.jpeg; path = 3.jpg; sourceTree = "<group>"; };
		9B2F3C241CA8E8340057403B /* 4.jpg */ = {isa = PBXFileReference; lastKnownFileType = image.jpeg; path = 4.jpg; sourceTree = "<group>"; };
		9B2F3C2B1CA8E9CF0057403B /* 0.jpg */ = {isa = PBXFileReference; lastKnownFileType = image.jpeg; path = 0.jpg; sourceTree = "<group>"; };
/* End PBXFileReference section */

/* Begin PBXFrameworksBuildPhase section */
		9B2F3BF11CA8D35F0057403B /* Frameworks */ = {
			isa = PBXFrameworksBuildPhase;
			buildActionMask = 2147483647;
			files = (
			);
			runOnlyForDeploymentPostprocessing = 0;
		};
		9B2F3C0A1CA8D35F0057403B /* Frameworks */ = {
			isa = PBXFrameworksBuildPhase;
			buildActionMask = 2147483647;
			files = (
			);
			runOnlyForDeploymentPostprocessing = 0;
		};
/* End PBXFrameworksBuildPhase section */

/* Begin PBXGroup section */
		9B2F3BEB1CA8D35F0057403B = {
			isa = PBXGroup;
			children = (
				9B2F3BF61CA8D35F0057403B /* ZKPictureSlideController */,
				9B2F3C101CA8D35F0057403B /* ZKPictureSlideControllerTests */,
				9B2F3BF51CA8D35F0057403B /* Products */,
			);
			sourceTree = "<group>";
		};
		9B2F3BF51CA8D35F0057403B /* Products */ = {
			isa = PBXGroup;
			children = (
				9B2F3BF41CA8D35F0057403B /* ZKPictureSlideController.app */,
				9B2F3C0D1CA8D35F0057403B /* ZKPictureSlideControllerTests.xctest */,
			);
			name = Products;
			sourceTree = "<group>";
		};
		9B2F3BF61CA8D35F0057403B /* ZKPictureSlideController */ = {
			isa = PBXGroup;
			children = (
				9B2F3BFB1CA8D35F0057403B /* AppDelegate.h */,
				9B2F3BFC1CA8D35F0057403B /* AppDelegate.m */,
				9B2F3BFE1CA8D35F0057403B /* ViewController.h */,
				9B2F3BFF1CA8D35F0057403B /* ViewController.m */,
				9B2F3C011CA8D35F0057403B /* Main.storyboard */,
				9B2F3C041CA8D35F0057403B /* Images.xcassets */,
				9B2F3C061CA8D35F0057403B /* LaunchScreen.xib */,
				9B2F3BF71CA8D35F0057403B /* Supporting Files */,
				9B2F3C201CA8E8340057403B /* resouse */,
				9B2F3C1D1CA8D3750057403B /* ZKPictureSlideController.h */,
				9B2F3C1E1CA8D3750057403B /* ZKPictureSlideController.m */,
			);
			path = ZKPictureSlideController;
			sourceTree = "<group>";
		};
		9B2F3BF71CA8D35F0057403B /* Supporting Files */ = {
			isa = PBXGroup;
			children = (
				9B2F3BF81CA8D35F0057403B /* Info.plist */,
				9B2F3BF91CA8D35F0057403B /* main.m */,
			);
			name = "Supporting Files";
			sourceTree = "<group>";
		};
		9B2F3C101CA8D35F0057403B /* ZKPictureSlideControllerTests */ = {
			isa = PBXGroup;
			children = (
				9B2F3C131CA8D35F0057403B /* ZKPictureSlideControllerTests.m */,
				9B2F3C111CA8D35F0057403B /* Supporting Files */,
			);
			path = ZKPictureSlideControllerTests;
			sourceTree = "<group>";
		};
		9B2F3C111CA8D35F0057403B /* Supporting Files */ = {
			isa = PBXGroup;
			children = (
				9B2F3C121CA8D35F0057403B /* Info.plist */,
			);
			name = "Supporting Files";
			sourceTree = "<group>";
		};
		9B2F3C201CA8E8340057403B /* resouse */ = {
			isa = PBXGroup;
			children = (
				9B2F3C211CA8E8340057403B /* 1.jpg */,
				9B2F3C221CA8E8340057403B /* 2.jpg */,
				9B2F3C231CA8E8340057403B /* 3.jpg */,
				9B2F3C2B1CA8E9CF0057403B /* 0.jpg */,
				9B2F3C241CA8E8340057403B /* 4.jpg */,
			);
			path = resouse;
			sourceTree = "<group>";
		};
/* End PBXGroup section */

/* Begin PBXNativeTarget section */
		9B2F3BF31CA8D35F0057403B /* ZKPictureSlideController */ = {
			isa = PBXNativeTarget;
			buildConfigurationList = 9B2F3C171CA8D35F0057403B /* Build configuration list for PBXNativeTarget "ZKPictureSlideController" */;
			buildPhases = (
				9B2F3BF01CA8D35F0057403B /* Sources */,
				9B2F3BF11CA8D35F0057403B /* Frameworks */,
				9B2F3BF21CA8D35F0057403B /* Resources */,
			);
			buildRules = (
			);
			dependencies = (
			);
			name = ZKPictureSlideController;
			productName = ZKPictureSlideController;
			productReference = 9B2F3BF41CA8D35F0057403B /* ZKPictureSlideController.app */;
			productType = "com.apple.product-type.application";
		};
		9B2F3C0C1CA8D35F0057403B /* ZKPictureSlideControllerTests */ = {
			isa = PBXNativeTarget;
			buildConfigurationList = 9B2F3C1A1CA8D35F0057403B /* Build configuration list for PBXNativeTarget "ZKPictureSlideControllerTests" */;
			buildPhases = (
				9B2F3C091CA8D35F0057403B /* Sources */,
				9B2F3C0A1CA8D35F0057403B /* Frameworks */,
				9B2F3C0B1CA8D35F0057403B /* Resources */,
			);
			buildRules = (
			);
			dependencies = (
				9B2F3C0F1CA8D35F0057403B /* PBXTargetDependency */,
			);
			name = ZKPictureSlideControllerTests;
			productName = ZKPictureSlideControllerTests;
			productReference = 9B2F3C0D1CA8D35F0057403B /* ZKPictureSlideControllerTests.xctest */;
			productType = "com.apple.product-type.bundle.unit-test";
		};
/* End PBXNativeTarget section */

/* Begin PBXProject section */
		9B2F3BEC1CA8D35F0057403B /* Project object */ = {
			isa = PBXProject;
			attributes = {
				LastUpgradeCheck = 0640;
				ORGANIZATIONNAME = sanchun;
				TargetAttributes = {
					9B2F3BF31CA8D35F0057403B = {
						CreatedOnToolsVersion = 6.4;
					};
					9B2F3C0C1CA8D35F0057403B = {
						CreatedOnToolsVersion = 6.4;
						TestTargetID = 9B2F3BF31CA8D35F0057403B;
					};
				};
			};
			buildConfigurationList = 9B2F3BEF1CA8D35F0057403B /* Build configuration list for PBXProject "ZKPictureSlideController" */;
			compatibilityVersion = "Xcode 3.2";
			developmentRegion = English;
			hasScannedForEncodings = 0;
			knownRegions = (
				en,
				Base,
			);
			mainGroup = 9B2F3BEB1CA8D35F0057403B;
			productRefGroup = 9B2F3BF51CA8D35F0057403B /* Products */;
			projectDirPath = "";
			projectRoot = "";
			targets = (
				9B2F3BF31CA8D35F0057403B /* ZKPictureSlideController */,
				9B2F3C0C1CA8D35F0057403B /* ZKPictureSlideControllerTests */,
			);
		};
/* End PBXProject section */

/* Begin PBXResourcesBuildPhase section */
		9B2F3BF21CA8D35F0057403B /* Resources */ = {
			isa = PBXResourcesBuildPhase;
			buildActionMask = 2147483647;
			files = (
				9B2F3C031CA8D35F0057403B /* Main.storyboard in Resources */,
				9B2F3C291CA8E8340057403B /* 4.jpg in Resources */,
				9B2F3C261CA8E8340057403B /* 1.jpg in Resources */,
				9B2F3C271CA8E8340057403B /* 2.jpg in Resources */,
				9B2F3C2C1CA8E9CF0057403B /* 0.jpg in Resources */,
				9B2F3C281CA8E8340057403B /* 3.jpg in Resources */,
				9B2F3C081CA8D35F0057403B /* LaunchScreen.xib in Resources */,
				9B2F3C051CA8D35F0057403B /* Images.xcassets in Resources */,
			);
			runOnlyForDeploymentPostprocessing = 0;
		};
		9B2F3C0B1CA8D35F0057403B /* Resources */ = {
			isa = PBXResourcesBuildPhase;
			buildActionMask = 2147483647;
			files = (
			);
			runOnlyForDeploymentPostprocessing = 0;
		};
/* End PBXResourcesBuildPhase section */

/* Begin PBXSourcesBuildPhase section */
		9B2F3BF01CA8D35F0057403B /* Sources */ = {
			isa = PBXSourcesBuildPhase;
			buildActionMask = 2147483647;
			files = (
				9B2F3C001CA8D35F0057403B /* ViewController.m in Sources */,
				9B2F3BFD1CA8D35F0057403B /* AppDelegate.m in Sources */,
				9B2F3BFA1CA8D35F0057403B /* main.m in Sources */,
				9B2F3C1F1CA8D3750057403B /* ZKPictureSlideController.m in Sources */,
			);
			runOnlyForDeploymentPostprocessing = 0;
		};
		9B2F3C091CA8D35F0057403B /* Sources */ = {
			isa = PBXSourcesBuildPhase;
			buildActionMask = 2147483647;
			files = (
				9B2F3C141CA8D35F0057403B /* ZKPictureSlideControllerTests.m in Sources */,
			);
			runOnlyForDeploymentPostprocessing = 0;
		};
/* End PBXSourcesBuildPhase section */

/* Begin PBXTargetDependency section */
		9B2F3C0F1CA8D35F0057403B /* PBXTargetDependency */ = {
			isa = PBXTargetDependency;
			target = 9B2F3BF31CA8D35F0057403B /* ZKPictureSlideController */;
			targetProxy = 9B2F3C0E1CA8D35F0057403B /* PBXContainerItemProxy */;
		};
/* End PBXTargetDependency section */

/* Begin PBXVariantGroup section */
		9B2F3C011CA8D35F0057403B /* Main.storyboard */ = {
			isa = PBXVariantGroup;
			children = (
				9B2F3C021CA8D35F0057403B /* Base */,
			);
			name = Main.storyboard;
			sourceTree = "<group>";
		};
		9B2F3C061CA8D35F0057403B /* LaunchScreen.xib */ = {
			isa = PBXVariantGroup;
			children = (
				9B2F3C071CA8D35F0057403B /* Base */,
			);
			name = LaunchScreen.xib;
			sourceTree = "<group>";
		};
/* End PBXVariantGroup section */

/* Begin XCBuildConfiguration section */
		9B2F3C151CA8D35F0057403B /* Debug */ = {
			isa = XCBuildConfiguration;
			buildSettings = {
				ALWAYS_SEARCH_USER_PATHS = NO;
				CLANG_CXX_LANGUAGE_STANDARD = "gnu++0x";
				CLANG_CXX_LIBRARY = "libc++";
				CLANG_ENABLE_MODULES = YES;
				CLANG_ENABLE_OBJC_ARC = YES;
				CLANG_WARN_BOOL_CONVERSION = YES;
				CLANG_WARN_CONSTANT_CONVERSION = YES;
				CLANG_WARN_DIRECT_OBJC_ISA_USAGE = YES_ERROR;
				CLANG_WARN_EMPTY_BODY = YES;
				CLANG_WARN_ENUM_CONVERSION = YES;
				CLANG_WARN_INT_CONVERSION = YES;
				CLANG_WARN_OBJC_ROOT_CLASS = YES_ERROR;
				CLANG_WARN_UNREACHABLE_CODE = YES;
				CLANG_WARN__DUPLICATE_METHOD_MATCH = YES;
				"CODE_SIGN_IDENTITY[sdk=iphoneos*]" = "iPhone Developer";
				COPY_PHASE_STRIP = NO;
				DEBUG_INFORMATION_FORMAT = "dwarf-with-dsym";
				ENABLE_STRICT_OBJC_MSGSEND = YES;
				GCC_C_LANGUAGE_STANDARD = gnu99;
				GCC_DYNAMIC_NO_PIC = NO;
				GCC_NO_COMMON_BLOCKS = YES;
				GCC_OPTIMIZATION_LEVEL = 0;
				GCC_PREPROCESSOR_DEFINITIONS = (
					"DEBUG=1",
					"$(inherited)",
				);
				GCC_SYMBOLS_PRIVATE_EXTERN = NO;
				GCC_WARN_64_TO_32_BIT_CONVERSION = YES;
				GCC_WARN_ABOUT_RETURN_TYPE = YES_ERROR;
				GCC_WARN_UNDECLARED_SELECTOR = YES;
				GCC_WARN_UNINITIALIZED_AUTOS = YES_AGGRESSIVE;
				GCC_WARN_UNUSED_FUNCTION = YES;
				GCC_WARN_UNUSED_VARIABLE = YES;
				IPHONEOS_DEPLOYMENT_TARGET = 8.4;
				MTL_ENABLE_DEBUG_INFO = YES;
				ONLY_ACTIVE_ARCH = YES;
				SDKROOT = iphoneos;
				TARGETED_DEVICE_FAMILY = "1,2";
			};
			name = Debug;
		};
		9B2F3C161CA8D35F0057403B /* Release */ = {
			isa = XCBuildConfiguration;
			buildSettings = {
				ALWAYS_SEARCH_USER_PATHS = NO;
				CLANG_CXX_LANGUAGE_STANDARD = "gnu++0x";
				CLANG_CXX_LIBRARY = "libc++";
				CLANG_ENABLE_MODULES = YES;
				CLANG_ENABLE_OBJC_ARC = YES;
				CLANG_WARN_BOOL_CONVERSION = YES;
				CLANG_WARN_CONSTANT_CONVERSION = YES;
				CLANG_WARN_DIRECT_OBJC_ISA_USAGE = YES_ERROR;
				CLANG_WARN_EMPTY_BODY = YES;
				CLANG_WARN_ENUM_CONVERSION = YES;
				CLANG_WARN_INT_CONVERSION = YES;
				CLANG_WARN_OBJC_ROOT_CLASS = YES_ERROR;
				CLANG_WARN_UNREACHABLE_CODE = YES;
				CLANG_WARN__DUPLICATE_METHOD_MATCH = YES;
				"CODE_SIGN_IDENTITY[sdk=iphoneos*]" = "iPhone Developer";
				COPY_PHASE_STRIP = NO;
				DEBUG_INFORMATION_FORMAT = "dwarf-with-dsym";
				ENABLE_NS_ASSERTIONS = NO;
				ENABLE_STRICT_OBJC_MSGSEND = YES;
				GCC_C_LANGUAGE_STANDARD = gnu99;
				GCC_NO_COMMON_BLOCKS = YES;
				GCC_WARN_64_TO_32_BIT_CONVERSION = YES;
				GCC_WARN_ABOUT_RETURN_TYPE = YES_ERROR;
				GCC_WARN_UNDECLARED_SELECTOR = YES;
				GCC_WARN_UNINITIALIZED_AUTOS = YES_AGGRESSIVE;
				GCC_WARN_UNUSED_FUNCTION = YES;
				GCC_WARN_UNUSED_VARIABLE = YES;
				IPHONEOS_DEPLOYMENT_TARGET = 8.4;
				MTL_ENABLE_DEBUG_INFO = NO;
				SDKROOT = iphoneos;
				TARGETED_DEVICE_FAMILY = "1,2";
				VALIDATE_PRODUCT = YES;
			};
			name = Release;
		};
		9B2F3C181CA8D35F0057403B /* Debug */ = {
			isa = XCBuildConfiguration;
			buildSettings = {
				ASSETCATALOG_COMPILER_APPICON_NAME = AppIcon;
				INFOPLIST_FILE = ZKPictureSlideController/Info.plist;
				IPHONEOS_DEPLOYMENT_TARGET = 8.0;
				LD_RUNPATH_SEARCH_PATHS = "$(inherited) @executable_path/Frameworks";
				PRODUCT_NAME = "$(TARGET_NAME)";
			};
			name = Debug;
		};
		9B2F3C191CA8D35F0057403B /* Release */ = {
			isa = XCBuildConfiguration;
			buildSettings = {
				ASSETCATALOG_COMPILER_APPICON_NAME = AppIcon;
				INFOPLIST_FILE = ZKPictureSlideController/Info.plist;
				IPHONEOS_DEPLOYMENT_TARGET = 8.0;
				LD_RUNPATH_SEARCH_PATHS = "$(inherited) @executable_path/Frameworks";
				PRODUCT_NAME = "$(TARGET_NAME)";
			};
			name = Release;
		};
		9B2F3C1B1CA8D35F0057403B /* Debug */ = {
			isa = XCBuildConfiguration;
			buildSettings = {
				BUNDLE_LOADER = "$(TEST_HOST)";
				FRAMEWORK_SEARCH_PATHS = (
					"$(SDKROOT)/Developer/Library/Frameworks",
					"$(inherited)",
				);
				GCC_PREPROCESSOR_DEFINITIONS = (
					"DEBUG=1",
					"$(inherited)",
				);
				INFOPLIST_FILE = ZKPictureSlideControllerTests/Info.plist;
				LD_RUNPATH_SEARCH_PATHS = "$(inherited) @executable_path/Frameworks @loader_path/Frameworks";
				PRODUCT_NAME = "$(TARGET_NAME)";
				TEST_HOST = "$(BUILT_PRODUCTS_DIR)/ZKPictureSlideController.app/ZKPictureSlideController";
			};
			name = Debug;
		};
		9B2F3C1C1CA8D35F0057403B /* Release */ = {
			isa = XCBuildConfiguration;
			buildSettings = {
				BUNDLE_LOADER = "$(TEST_HOST)";
				FRAMEWORK_SEARCH_PATHS = (
					"$(SDKROOT)/Developer/Library/Frameworks",
					"$(inherited)",
				);
				INFOPLIST_FILE = ZKPictureSlideControllerTests/Info.plist;
				LD_RUNPATH_SEARCH_PATHS = "$(inherited) @executable_path/Frameworks @loader_path/Frameworks";
				PRODUCT_NAME = "$(TARGET_NAME)";
				TEST_HOST = "$(BUILT_PRODUCTS_DIR)/ZKPictureSlideController.app/ZKPictureSlideController";
			};
			name = Release;
		};
/* End XCBuildConfiguration section */

/* Begin XCConfigurationList section */
		9B2F3BEF1CA8D35F0057403B /* Build configuration list for PBXProject "ZKPictureSlideController" */ = {
			isa = XCConfigurationList;
			buildConfigurations = (
				9B2F3C151CA8D35F0057403B /* Debug */,
				9B2F3C161CA8D35F0057403B /* Release */,
			);
			defaultConfigurationIsVisible = 0;
			defaultConfigurationName = Release;
		};
		9B2F3C171CA8D35F0057403B /* Build configuration list for PBXNativeTarget "ZKPictureSlideController" */ = {
			isa = XCConfigurationList;
			buildConfigurations = (
				9B2F3C181CA8D35F0057403B /* Debug */,
				9B2F3C191CA8D35F0057403B /* Release */,
			);
			defaultConfigurationIsVisible = 0;
			defaultConfigurationName = Release;
		};
		9B2F3C1A1CA8D35F0057403B /* Build configuration list for PBXNativeTarget "ZKPictureSlideControllerTests" */ = {
			isa = XCConfigurationList;
			buildConfigurations = (
				9B2F3C1B1CA8D35F0057403B /* Debug */,
				9B2F3C1C1CA8D35F0057403B /* Release */,
			);
			defaultConfigurationIsVisible = 0;
			defaultConfigurationName = Release;
		};
/* End XCConfigurationList section */
	};
	rootObject = 9B2F3BEC1CA8D35F0057403B /* Project object */;
}
